// !$*UTF8*$!
{
	archiveVersion = 1;
	classes = {
	};
	objectVersion = 46;
	objects = {

/* Begin PBXBuildFile section */
		2156BFBB1EFF5976001B3025 /* AppDelegate.m in Sources */ = {isa = PBXBuildFile; fileRef = 2156BFBA1EFF5976001B3025 /* AppDelegate.m */; };
		2156BFBE1EFF5976001B3025 /* main.mm in Sources */ = {isa = PBXBuildFile; fileRef = 2156BFBD1EFF5976001B3025 /* main.mm */; };
		2156BFC11EFF5976001B3025 /* ViewController.mm in Sources */ = {isa = PBXBuildFile; fileRef = 2156BFC01EFF5976001B3025 /* ViewController.mm */; };
		2156BFC31EFF5976001B3025 /* Assets.xcassets in Resources */ = {isa = PBXBuildFile; fileRef = 2156BFC21EFF5976001B3025 /* Assets.xcassets */; };
		2156BFC61EFF5976001B3025 /* Main.storyboard in Resources */ = {isa = PBXBuildFile; fileRef = 2156BFC41EFF5976001B3025 /* Main.storyboard */; };
		2167AF7D1F05117C000E6D99 /* MyOpenGLView.m in Sources */ = {isa = PBXBuildFile; fileRef = 2167AF7C1F05117C000E6D99 /* MyOpenGLView.m */; };
		216B866D1F1684BE00C27040 /* PetternTableView.m in Sources */ = {isa = PBXBuildFile; fileRef = 216B866C1F1684BE00C27040 /* PetternTableView.m */; };
		21BA861D1F72BA6C00183B0F /* main.m in Sources */ = {isa = PBXBuildFile; fileRef = 21BA861C1F72BA6C00183B0F /* main.m */; };
		21BA86201F72BA6C00183B0F /* AppDelegate.m in Sources */ = {isa = PBXBuildFile; fileRef = 21BA861F1F72BA6C00183B0F /* AppDelegate.m */; };
		21BA86231F72BA6C00183B0F /* ViewController.mm in Sources */ = {isa = PBXBuildFile; fileRef = 21BA86221F72BA6C00183B0F /* ViewController.mm */; };
		21BA86261F72BA6C00183B0F /* Main.storyboard in Resources */ = {isa = PBXBuildFile; fileRef = 21BA86241F72BA6C00183B0F /* Main.storyboard */; };
		21BA86281F72BA6C00183B0F /* Assets.xcassets in Resources */ = {isa = PBXBuildFile; fileRef = 21BA86271F72BA6C00183B0F /* Assets.xcassets */; };
		21BA862B1F72BA6C00183B0F /* LaunchScreen.storyboard in Resources */ = {isa = PBXBuildFile; fileRef = 21BA86291F72BA6C00183B0F /* LaunchScreen.storyboard */; };
		21BA86321F72CA4800183B0F /* DisplayView.mm in Sources */ = {isa = PBXBuildFile; fileRef = 21BA86311F72CA4800183B0F /* DisplayView.mm */; };
		21BA86341F72D86600183B0F /* src in Resources */ = {isa = PBXBuildFile; fileRef = 21BA86331F72D86600183B0F /* src */; };
		21BA86361F72D9DE00183B0F /* Roms in Resources */ = {isa = PBXBuildFile; fileRef = 21BA86351F72D9DE00183B0F /* Roms */; };
		21BA86371F72D9DE00183B0F /* Roms in Resources */ = {isa = PBXBuildFile; fileRef = 21BA86351F72D9DE00183B0F /* Roms */; };
		2C7863F4623C81F0AF4EE04E /* libPods-RENES_IOS.a in Frameworks */ = {isa = PBXBuildFile; fileRef = 050B38F3EA0EC6CF433963B5 /* libPods-RENES_IOS.a */; };
		5361784537461CD508990EF3 /* libPods-RENES.a in Frameworks */ = {isa = PBXBuildFile; fileRef = 19CA15BACCD628EEE57098FB /* libPods-RENES.a */; };
/* End PBXBuildFile section */

/* Begin PBXFileReference section */
		050B38F3EA0EC6CF433963B5 /* libPods-RENES_IOS.a */ = {isa = PBXFileReference; explicitFileType = archive.ar; includeInIndex = 0; path = "libPods-RENES_IOS.a"; sourceTree = BUILT_PRODUCTS_DIR; };
		19CA15BACCD628EEE57098FB /* libPods-RENES.a */ = {isa = PBXFileReference; explicitFileType = archive.ar; includeInIndex = 0; path = "libPods-RENES.a"; sourceTree = BUILT_PRODUCTS_DIR; };
		2156BFB61EFF5976001B3025 /* RENES.app */ = {isa = PBXFileReference; explicitFileType = wrapper.application; includeInIndex = 0; path = RENES.app; sourceTree = BUILT_PRODUCTS_DIR; };
		2156BFB91EFF5976001B3025 /* AppDelegate.h */ = {isa = PBXFileReference; lastKnownFileType = sourcecode.c.h; path = AppDelegate.h; sourceTree = "<group>"; };
		2156BFBA1EFF5976001B3025 /* AppDelegate.m */ = {isa = PBXFileReference; lastKnownFileType = sourcecode.c.objc; path = AppDelegate.m; sourceTree = "<group>"; };
		2156BFBD1EFF5976001B3025 /* main.mm */ = {isa = PBXFileReference; lastKnownFileType = sourcecode.cpp.objcpp; path = main.mm; sourceTree = "<group>"; };
		2156BFBF1EFF5976001B3025 /* ViewController.h */ = {isa = PBXFileReference; lastKnownFileType = sourcecode.c.h; path = ViewController.h; sourceTree = "<group>"; };
		2156BFC01EFF5976001B3025 /* ViewController.mm */ = {isa = PBXFileReference; lastKnownFileType = sourcecode.cpp.objcpp; path = ViewController.mm; sourceTree = "<group>"; };
		2156BFC21EFF5976001B3025 /* Assets.xcassets */ = {isa = PBXFileReference; lastKnownFileType = folder.assetcatalog; path = Assets.xcassets; sourceTree = "<group>"; };
		2156BFC51EFF5976001B3025 /* Base */ = {isa = PBXFileReference; lastKnownFileType = file.storyboard; name = Base; path = Base.lproj/Main.storyboard; sourceTree = "<group>"; };
		2156BFC71EFF5976001B3025 /* Info.plist */ = {isa = PBXFileReference; lastKnownFileType = text.plist.xml; path = Info.plist; sourceTree = "<group>"; };
		2167AF7B1F05117C000E6D99 /* MyOpenGLView.h */ = {isa = PBXFileReference; fileEncoding = 4; lastKnownFileType = sourcecode.c.h; path = MyOpenGLView.h; sourceTree = "<group>"; };
		2167AF7C1F05117C000E6D99 /* MyOpenGLView.m */ = {isa = PBXFileReference; fileEncoding = 4; lastKnownFileType = sourcecode.c.objc; path = MyOpenGLView.m; sourceTree = "<group>"; };
		216B866B1F1684BE00C27040 /* PetternTableView.h */ = {isa = PBXFileReference; fileEncoding = 4; lastKnownFileType = sourcecode.c.h; path = PetternTableView.h; sourceTree = "<group>"; };
		216B866C1F1684BE00C27040 /* PetternTableView.m */ = {isa = PBXFileReference; fileEncoding = 4; lastKnownFileType = sourcecode.c.objc; path = PetternTableView.m; sourceTree = "<group>"; };
		21BA86191F72BA6C00183B0F /* RENES_IOS.app */ = {isa = PBXFileReference; explicitFileType = wrapper.application; includeInIndex = 0; path = RENES_IOS.app; sourceTree = BUILT_PRODUCTS_DIR; };
		21BA861C1F72BA6C00183B0F /* main.m */ = {isa = PBXFileReference; lastKnownFileType = sourcecode.c.objc; path = main.m; sourceTree = "<group>"; };
		21BA861E1F72BA6C00183B0F /* AppDelegate.h */ = {isa = PBXFileReference; lastKnownFileType = sourcecode.c.h; path = AppDelegate.h; sourceTree = "<group>"; };
		21BA861F1F72BA6C00183B0F /* AppDelegate.m */ = {isa = PBXFileReference; lastKnownFileType = sourcecode.c.objc; path = AppDelegate.m; sourceTree = "<group>"; };
		21BA86211F72BA6C00183B0F /* ViewController.h */ = {isa = PBXFileReference; lastKnownFileType = sourcecode.c.h; path = ViewController.h; sourceTree = "<group>"; };
		21BA86221F72BA6C00183B0F /* ViewController.mm */ = {isa = PBXFileReference; lastKnownFileType = sourcecode.cpp.objcpp; path = ViewController.mm; sourceTree = "<group>"; };
		21BA86251F72BA6C00183B0F /* Base */ = {isa = PBXFileReference; lastKnownFileType = file.storyboard; name = Base; path = Base.lproj/Main.storyboard; sourceTree = "<group>"; };
		21BA86271F72BA6C00183B0F /* Assets.xcassets */ = {isa = PBXFileReference; lastKnownFileType = folder.assetcatalog; path = Assets.xcassets; sourceTree = "<group>"; };
		21BA862A1F72BA6C00183B0F /* Base */ = {isa = PBXFileReference; lastKnownFileType = file.storyboard; name = Base; path = Base.lproj/LaunchScreen.storyboard; sourceTree = "<group>"; };
		21BA862C1F72BA6C00183B0F /* Info.plist */ = {isa = PBXFileReference; lastKnownFileType = text.plist.xml; path = Info.plist; sourceTree = "<group>"; };
		21BA86301F72CA4800183B0F /* DisplayView.h */ = {isa = PBXFileReference; fileEncoding = 4; lastKnownFileType = sourcecode.c.h; path = DisplayView.h; sourceTree = "<group>"; };
		21BA86311F72CA4800183B0F /* DisplayView.mm */ = {isa = PBXFileReference; fileEncoding = 4; lastKnownFileType = sourcecode.cpp.objcpp; path = DisplayView.mm; sourceTree = "<group>"; };
		21BA86331F72D86600183B0F /* src */ = {isa = PBXFileReference; lastKnownFileType = folder; path = src; sourceTree = "<group>"; };
		21BA86351F72D9DE00183B0F /* Roms */ = {isa = PBXFileReference; lastKnownFileType = folder; path = Roms; sourceTree = "<group>"; };
		4C25B443B70C274C6EE6C6B4 /* Pods-RENES.release.xcconfig */ = {isa = PBXFileReference; includeInIndex = 1; lastKnownFileType = text.xcconfig; name = "Pods-RENES.release.xcconfig"; path = "Pods/Target Support Files/Pods-RENES/Pods-RENES.release.xcconfig"; sourceTree = "<group>"; };
		5EC420A7798F30D4363CBCE8 /* Pods-RENES_IOS.release.xcconfig */ = {isa = PBXFileReference; includeInIndex = 1; lastKnownFileType = text.xcconfig; name = "Pods-RENES_IOS.release.xcconfig"; path = "Pods/Target Support Files/Pods-RENES_IOS/Pods-RENES_IOS.release.xcconfig"; sourceTree = "<group>"; };
		A70CFB9A15D5EE272B4BDAB3 /* Pods-RENES_IOS.debug.xcconfig */ = {isa = PBXFileReference; includeInIndex = 1; lastKnownFileType = text.xcconfig; name = "Pods-RENES_IOS.debug.xcconfig"; path = "Pods/Target Support Files/Pods-RENES_IOS/Pods-RENES_IOS.debug.xcconfig"; sourceTree = "<group>"; };
		AF5E50CB06E583697C246F1A /* Pods-RENES.debug.xcconfig */ = {isa = PBXFileReference; includeInIndex = 1; lastKnownFileType = text.xcconfig; name = "Pods-RENES.debug.xcconfig"; path = "Pods/Target Support Files/Pods-RENES/Pods-RENES.debug.xcconfig"; sourceTree = "<group>"; };
/* End PBXFileReference section */

/* Begin PBXFrameworksBuildPhase section */
		2156BFB31EFF5976001B3025 /* Frameworks */ = {
			isa = PBXFrameworksBuildPhase;
			buildActionMask = 2147483647;
			files = (
				5361784537461CD508990EF3 /* libPods-RENES.a in Frameworks */,
			);
			runOnlyForDeploymentPostprocessing = 0;
		};
		21BA86161F72BA6C00183B0F /* Frameworks */ = {
			isa = PBXFrameworksBuildPhase;
			buildActionMask = 2147483647;
			files = (
				2C7863F4623C81F0AF4EE04E /* libPods-RENES_IOS.a in Frameworks */,
			);
			runOnlyForDeploymentPostprocessing = 0;
		};
/* End PBXFrameworksBuildPhase section */

/* Begin PBXGroup section */
		2156BFAD1EFF5976001B3025 = {
			isa = PBXGroup;
			children = (
				21BA86351F72D9DE00183B0F /* Roms */,
				21BA86331F72D86600183B0F /* src */,
				2156BFB81EFF5976001B3025 /* RENES */,
				21BA861A1F72BA6C00183B0F /* RENES_IOS */,
				2156BFB71EFF5976001B3025 /* Products */,
				DE48FFCB3F5C3557BD75CB67 /* Pods */,
				6C19B03C8BDE5502EAC6209D /* Frameworks */,
			);
			sourceTree = "<group>";
		};
		2156BFB71EFF5976001B3025 /* Products */ = {
			isa = PBXGroup;
			children = (
				2156BFB61EFF5976001B3025 /* RENES.app */,
				21BA86191F72BA6C00183B0F /* RENES_IOS.app */,
			);
			name = Products;
			sourceTree = "<group>";
		};
		2156BFB81EFF5976001B3025 /* RENES */ = {
			isa = PBXGroup;
			children = (
				2156BFB91EFF5976001B3025 /* AppDelegate.h */,
				2156BFBA1EFF5976001B3025 /* AppDelegate.m */,
				2156BFBF1EFF5976001B3025 /* ViewController.h */,
				2156BFC01EFF5976001B3025 /* ViewController.mm */,
				216B866B1F1684BE00C27040 /* PetternTableView.h */,
				216B866C1F1684BE00C27040 /* PetternTableView.m */,
				2167AF7B1F05117C000E6D99 /* MyOpenGLView.h */,
				2167AF7C1F05117C000E6D99 /* MyOpenGLView.m */,
				2156BFC41EFF5976001B3025 /* Main.storyboard */,
				2156BFC71EFF5976001B3025 /* Info.plist */,
				2156BFBC1EFF5976001B3025 /* Supporting Files */,
			);
			path = RENES;
			sourceTree = "<group>";
		};
		2156BFBC1EFF5976001B3025 /* Supporting Files */ = {
			isa = PBXGroup;
			children = (
				2156BFC21EFF5976001B3025 /* Assets.xcassets */,
				2156BFBD1EFF5976001B3025 /* main.mm */,
			);
			name = "Supporting Files";
			sourceTree = "<group>";
		};
		21BA861A1F72BA6C00183B0F /* RENES_IOS */ = {
			isa = PBXGroup;
			children = (
				21BA861E1F72BA6C00183B0F /* AppDelegate.h */,
				21BA861F1F72BA6C00183B0F /* AppDelegate.m */,
				21BA86211F72BA6C00183B0F /* ViewController.h */,
				21BA86221F72BA6C00183B0F /* ViewController.mm */,
				21BA86301F72CA4800183B0F /* DisplayView.h */,
				21BA86311F72CA4800183B0F /* DisplayView.mm */,
				21BA86241F72BA6C00183B0F /* Main.storyboard */,
				21BA86271F72BA6C00183B0F /* Assets.xcassets */,
				21BA86291F72BA6C00183B0F /* LaunchScreen.storyboard */,
				21BA862C1F72BA6C00183B0F /* Info.plist */,
				21BA861B1F72BA6C00183B0F /* Supporting Files */,
			);
			path = RENES_IOS;
			sourceTree = "<group>";
		};
		21BA861B1F72BA6C00183B0F /* Supporting Files */ = {
			isa = PBXGroup;
			children = (
				21BA861C1F72BA6C00183B0F /* main.m */,
			);
			name = "Supporting Files";
			sourceTree = "<group>";
		};
		6C19B03C8BDE5502EAC6209D /* Frameworks */ = {
			isa = PBXGroup;
			children = (
				19CA15BACCD628EEE57098FB /* libPods-RENES.a */,
				050B38F3EA0EC6CF433963B5 /* libPods-RENES_IOS.a */,
			);
			name = Frameworks;
			sourceTree = "<group>";
		};
		DE48FFCB3F5C3557BD75CB67 /* Pods */ = {
			isa = PBXGroup;
			children = (
				AF5E50CB06E583697C246F1A /* Pods-RENES.debug.xcconfig */,
				4C25B443B70C274C6EE6C6B4 /* Pods-RENES.release.xcconfig */,
				A70CFB9A15D5EE272B4BDAB3 /* Pods-RENES_IOS.debug.xcconfig */,
				5EC420A7798F30D4363CBCE8 /* Pods-RENES_IOS.release.xcconfig */,
			);
			name = Pods;
			sourceTree = "<group>";
		};
/* End PBXGroup section */

/* Begin PBXNativeTarget section */
		2156BFB51EFF5976001B3025 /* RENES */ = {
			isa = PBXNativeTarget;
			buildConfigurationList = 2156BFCA1EFF5976001B3025 /* Build configuration list for PBXNativeTarget "RENES" */;
			buildPhases = (
				5E38099E972A1F03D9175C25 /* [CP] Check Pods Manifest.lock */,
				2156BFB21EFF5976001B3025 /* Sources */,
				2156BFB31EFF5976001B3025 /* Frameworks */,
				2156BFB41EFF5976001B3025 /* Resources */,
			);
			buildRules = (
			);
			dependencies = (
			);
			name = RENES;
			productName = RENES;
			productReference = 2156BFB61EFF5976001B3025 /* RENES.app */;
			productType = "com.apple.product-type.application";
		};
		21BA86181F72BA6C00183B0F /* RENES_IOS */ = {
			isa = PBXNativeTarget;
			buildConfigurationList = 21BA862F1F72BA6C00183B0F /* Build configuration list for PBXNativeTarget "RENES_IOS" */;
			buildPhases = (
				A2DC216DA455C066F3F535F2 /* [CP] Check Pods Manifest.lock */,
				21BA86151F72BA6C00183B0F /* Sources */,
				21BA86161F72BA6C00183B0F /* Frameworks */,
				21BA86171F72BA6C00183B0F /* Resources */,
				0BBCF73E673BDB08E082D617 /* [CP] Copy Pods Resources */,
			);
			buildRules = (
			);
			dependencies = (
			);
			name = RENES_IOS;
			productName = RENES_IOS;
			productReference = 21BA86191F72BA6C00183B0F /* RENES_IOS.app */;
			productType = "com.apple.product-type.application";
		};
/* End PBXNativeTarget section */

/* Begin PBXProject section */
		2156BFAE1EFF5976001B3025 /* Project object */ = {
			isa = PBXProject;
			attributes = {
				LastUpgradeCheck = 0830;
				ORGANIZATIONNAME = com.rexq;
				TargetAttributes = {
					2156BFB51EFF5976001B3025 = {
						CreatedOnToolsVersion = 8.3.2;
						DevelopmentTeam = 4J56772K58;
						ProvisioningStyle = Automatic;
					};
					21BA86181F72BA6C00183B0F = {
						CreatedOnToolsVersion = 8.3.3;
						DevelopmentTeam = 4J56772K58;
						ProvisioningStyle = Automatic;
					};
				};
			};
			buildConfigurationList = 2156BFB11EFF5976001B3025 /* Build configuration list for PBXProject "RENES" */;
			compatibilityVersion = "Xcode 3.2";
			developmentRegion = English;
			hasScannedForEncodings = 0;
			knownRegions = (
				English,
				en,
				Base,
			);
			mainGroup = 2156BFAD1EFF5976001B3025;
			productRefGroup = 2156BFB71EFF5976001B3025 /* Products */;
			projectDirPath = "";
			projectRoot = "";
			targets = (
				2156BFB51EFF5976001B3025 /* RENES */,
				21BA86181F72BA6C00183B0F /* RENES_IOS */,
			);
		};
/* End PBXProject section */

/* Begin PBXResourcesBuildPhase section */
		2156BFB41EFF5976001B3025 /* Resources */ = {
			isa = PBXResourcesBuildPhase;
			buildActionMask = 2147483647;
			files = (
				21BA86361F72D9DE00183B0F /* Roms in Resources */,
				2156BFC31EFF5976001B3025 /* Assets.xcassets in Resources */,
				2156BFC61EFF5976001B3025 /* Main.storyboard in Resources */,
			);
			runOnlyForDeploymentPostprocessing = 0;
		};
		21BA86171F72BA6C00183B0F /* Resources */ = {
			isa = PBXResourcesBuildPhase;
			buildActionMask = 2147483647;
			files = (
				21BA862B1F72BA6C00183B0F /* LaunchScreen.storyboard in Resources */,
				21BA86371F72D9DE00183B0F /* Roms in Resources */,
				21BA86281F72BA6C00183B0F /* Assets.xcassets in Resources */,
				21BA86261F72BA6C00183B0F /* Main.storyboard in Resources */,
				21BA86341F72D86600183B0F /* src in Resources */,
			);
			runOnlyForDeploymentPostprocessing = 0;
		};
/* End PBXResourcesBuildPhase section */

/* Begin PBXShellScriptBuildPhase section */
		0BBCF73E673BDB08E082D617 /* [CP] Copy Pods Resources */ = {
			isa = PBXShellScriptBuildPhase;
			buildActionMask = 2147483647;
			files = (
			);
			inputPaths = (
				"${PODS_ROOT}/Target Support Files/Pods-RENES_IOS/Pods-RENES_IOS-resources.sh",
				"${PODS_ROOT}/GPUImage/framework/Resources/lookup.png",
				"${PODS_ROOT}/GPUImage/framework/Resources/lookup_amatorka.png",
				"${PODS_ROOT}/GPUImage/framework/Resources/lookup_miss_etikate.png",
				"${PODS_ROOT}/GPUImage/framework/Resources/lookup_soft_elegance_1.png",
				"${PODS_ROOT}/GPUImage/framework/Resources/lookup_soft_elegance_2.png",
			);
			name = "[CP] Copy Pods Resources";
			outputPaths = (
				"${TARGET_BUILD_DIR}/${UNLOCALIZED_RESOURCES_FOLDER_PATH}/lookup.png",
				"${TARGET_BUILD_DIR}/${UNLOCALIZED_RESOURCES_FOLDER_PATH}/lookup_amatorka.png",
				"${TARGET_BUILD_DIR}/${UNLOCALIZED_RESOURCES_FOLDER_PATH}/lookup_miss_etikate.png",
				"${TARGET_BUILD_DIR}/${UNLOCALIZED_RESOURCES_FOLDER_PATH}/lookup_soft_elegance_1.png",
				"${TARGET_BUILD_DIR}/${UNLOCALIZED_RESOURCES_FOLDER_PATH}/lookup_soft_elegance_2.png",
			);
			runOnlyForDeploymentPostprocessing = 0;
			shellPath = /bin/sh;
			shellScript = "\"${PODS_ROOT}/Target Support Files/Pods-RENES_IOS/Pods-RENES_IOS-resources.sh\"\n";
			showEnvVarsInLog = 0;
		};
		5E38099E972A1F03D9175C25 /* [CP] Check Pods Manifest.lock */ = {
			isa = PBXShellScriptBuildPhase;
			buildActionMask = 2147483647;
			files = (
			);
			inputPaths = (
				"${PODS_PODFILE_DIR_PATH}/Podfile.lock",
				"${PODS_ROOT}/Manifest.lock",
			);
			name = "[CP] Check Pods Manifest.lock";
			outputPaths = (
				"$(DERIVED_FILE_DIR)/Pods-RENES-checkManifestLockResult.txt",
			);
			runOnlyForDeploymentPostprocessing = 0;
			shellPath = /bin/sh;
			shellScript = "diff \"${PODS_PODFILE_DIR_PATH}/Podfile.lock\" \"${PODS_ROOT}/Manifest.lock\" > /dev/null\nif [ $? != 0 ] ; then\n    # print error to STDERR\n    echo \"error: The sandbox is not in sync with the Podfile.lock. Run 'pod install' or update your CocoaPods installation.\" >&2\n    exit 1\nfi\n# This output is used by Xcode 'outputs' to avoid re-running this script phase.\necho \"SUCCESS\" > \"${SCRIPT_OUTPUT_FILE_0}\"\n";
			showEnvVarsInLog = 0;
		};
		A2DC216DA455C066F3F535F2 /* [CP] Check Pods Manifest.lock */ = {
			isa = PBXShellScriptBuildPhase;
			buildActionMask = 2147483647;
			files = (
			);
			inputPaths = (
				"${PODS_PODFILE_DIR_PATH}/Podfile.lock",
				"${PODS_ROOT}/Manifest.lock",
			);
			name = "[CP] Check Pods Manifest.lock";
			outputPaths = (
				"$(DERIVED_FILE_DIR)/Pods-RENES_IOS-checkManifestLockResult.txt",
			);
			runOnlyForDeploymentPostprocessing = 0;
			shellPath = /bin/sh;
			shellScript = "diff \"${PODS_PODFILE_DIR_PATH}/Podfile.lock\" \"${PODS_ROOT}/Manifest.lock\" > /dev/null\nif [ $? != 0 ] ; then\n    # print error to STDERR\n    echo \"error: The sandbox is not in sync with the Podfile.lock. Run 'pod install' or update your CocoaPods installation.\" >&2\n    exit 1\nfi\n# This output is used by Xcode 'outputs' to avoid re-running this script phase.\necho \"SUCCESS\" > \"${SCRIPT_OUTPUT_FILE_0}\"\n";
			showEnvVarsInLog = 0;
		};
/* End PBXShellScriptBuildPhase section */

/* Begin PBXSourcesBuildPhase section */
		2156BFB21EFF5976001B3025 /* Sources */ = {
			isa = PBXSourcesBuildPhase;
			buildActionMask = 2147483647;
			files = (
				2156BFC11EFF5976001B3025 /* ViewController.mm in Sources */,
				2156BFBE1EFF5976001B3025 /* main.mm in Sources */,
				2156BFBB1EFF5976001B3025 /* AppDelegate.m in Sources */,
				216B866D1F1684BE00C27040 /* PetternTableView.m in Sources */,
				2167AF7D1F05117C000E6D99 /* MyOpenGLView.m in Sources */,
			);
			runOnlyForDeploymentPostprocessing = 0;
		};
		21BA86151F72BA6C00183B0F /* Sources */ = {
			isa = PBXSourcesBuildPhase;
			buildActionMask = 2147483647;
			files = (
				21BA86231F72BA6C00183B0F /* ViewController.mm in Sources */,
				21BA86321F72CA4800183B0F /* DisplayView.mm in Sources */,
				21BA86201F72BA6C00183B0F /* AppDelegate.m in Sources */,
				21BA861D1F72BA6C00183B0F /* main.m in Sources */,
			);
			runOnlyForDeploymentPostprocessing = 0;
		};
/* End PBXSourcesBuildPhase section */

/* Begin PBXVariantGroup section */
		2156BFC41EFF5976001B3025 /* Main.storyboard */ = {
			isa = PBXVariantGroup;
			children = (
				2156BFC51EFF5976001B3025 /* Base */,
			);
			name = Main.storyboard;
			sourceTree = "<group>";
		};
		21BA86241F72BA6C00183B0F /* Main.storyboard */ = {
			isa = PBXVariantGroup;
			children = (
				21BA86251F72BA6C00183B0F /* Base */,
			);
			name = Main.storyboard;
			sourceTree = "<group>";
		};
		21BA86291F72BA6C00183B0F /* LaunchScreen.storyboard */ = {
			isa = PBXVariantGroup;
			children = (
				21BA862A1F72BA6C00183B0F /* Base */,
			);
			name = LaunchScreen.storyboard;
			sourceTree = "<group>";
		};
/* End PBXVariantGroup section */

/* Begin XCBuildConfiguration section */
		2156BFC81EFF5976001B3025 /* Debug */ = {
			isa = XCBuildConfiguration;
			buildSettings = {
				ALWAYS_SEARCH_USER_PATHS = NO;
				CLANG_ANALYZER_NONNULL = YES;
				CLANG_ANALYZER_NUMBER_OBJECT_CONVERSION = YES_AGGRESSIVE;
				CLANG_CXX_LANGUAGE_STANDARD = "gnu++0x";
				CLANG_CXX_LIBRARY = "libc++";
				CLANG_ENABLE_MODULES = YES;
				CLANG_ENABLE_OBJC_ARC = YES;
				CLANG_WARN_BOOL_CONVERSION = YES;
				CLANG_WARN_CONSTANT_CONVERSION = YES;
				CLANG_WARN_DIRECT_OBJC_ISA_USAGE = YES_ERROR;
				CLANG_WARN_DOCUMENTATION_COMMENTS = YES;
				CLANG_WARN_EMPTY_BODY = YES;
				CLANG_WARN_ENUM_CONVERSION = YES;
				CLANG_WARN_INFINITE_RECURSION = YES;
				CLANG_WARN_INT_CONVERSION = YES;
				CLANG_WARN_OBJC_ROOT_CLASS = YES_ERROR;
				CLANG_WARN_SUSPICIOUS_MOVE = YES;
				CLANG_WARN_UNREACHABLE_CODE = YES;
				CLANG_WARN__DUPLICATE_METHOD_MATCH = YES;
				CODE_SIGN_IDENTITY = "-";
				COPY_PHASE_STRIP = NO;
				DEBUG_INFORMATION_FORMAT = dwarf;
				ENABLE_STRICT_OBJC_MSGSEND = YES;
				ENABLE_TESTABILITY = YES;
				GCC_C_LANGUAGE_STANDARD = gnu99;
				GCC_DYNAMIC_NO_PIC = NO;
				GCC_NO_COMMON_BLOCKS = YES;
				GCC_OPTIMIZATION_LEVEL = 0;
				GCC_PREPROCESSOR_DEFINITIONS = (
					"DEBUG=1",
					"$(inherited)",
				);
				GCC_WARN_64_TO_32_BIT_CONVERSION = YES;
				GCC_WARN_ABOUT_RETURN_TYPE = YES_ERROR;
				GCC_WARN_UNDECLARED_SELECTOR = YES;
				GCC_WARN_UNINITIALIZED_AUTOS = YES_AGGRESSIVE;
				GCC_WARN_UNUSED_FUNCTION = YES;
				GCC_WARN_UNUSED_VARIABLE = YES;
				MACOSX_DEPLOYMENT_TARGET = 10.12;
				MTL_ENABLE_DEBUG_INFO = YES;
				ONLY_ACTIVE_ARCH = YES;
				SDKROOT = macosx;
			};
			name = Debug;
		};
		2156BFC91EFF5976001B3025 /* Release */ = {
			isa = XCBuildConfiguration;
			buildSettings = {
				ALWAYS_SEARCH_USER_PATHS = NO;
				CLANG_ANALYZER_NONNULL = YES;
				CLANG_ANALYZER_NUMBER_OBJECT_CONVERSION = YES_AGGRESSIVE;
				CLANG_CXX_LANGUAGE_STANDARD = "gnu++0x";
				CLANG_CXX_LIBRARY = "libc++";
				CLANG_ENABLE_MODULES = YES;
				CLANG_ENABLE_OBJC_ARC = YES;
				CLANG_WARN_BOOL_CONVERSION = YES;
				CLANG_WARN_CONSTANT_CONVERSION = YES;
				CLANG_WARN_DIRECT_OBJC_ISA_USAGE = YES_ERROR;
				CLANG_WARN_DOCUMENTATION_COMMENTS = YES;
				CLANG_WARN_EMPTY_BODY = YES;
				CLANG_WARN_ENUM_CONVERSION = YES;
				CLANG_WARN_INFINITE_RECURSION = YES;
				CLANG_WARN_INT_CONVERSION = YES;
				CLANG_WARN_OBJC_ROOT_CLASS = YES_ERROR;
				CLANG_WARN_SUSPICIOUS_MOVE = YES;
				CLANG_WARN_UNREACHABLE_CODE = YES;
				CLANG_WARN__DUPLICATE_METHOD_MATCH = YES;
				CODE_SIGN_IDENTITY = "-";
				COPY_PHASE_STRIP = NO;
				DEBUG_INFORMATION_FORMAT = "dwarf-with-dsym";
				ENABLE_NS_ASSERTIONS = NO;
				ENABLE_STRICT_OBJC_MSGSEND = YES;
				GCC_C_LANGUAGE_STANDARD = gnu99;
				GCC_NO_COMMON_BLOCKS = YES;
				GCC_WARN_64_TO_32_BIT_CONVERSION = YES;
				GCC_WARN_ABOUT_RETURN_TYPE = YES_ERROR;
				GCC_WARN_UNDECLARED_SELECTOR = YES;
				GCC_WARN_UNINITIALIZED_AUTOS = YES_AGGRESSIVE;
				GCC_WARN_UNUSED_FUNCTION = YES;
				GCC_WARN_UNUSED_VARIABLE = YES;
				MACOSX_DEPLOYMENT_TARGET = 10.12;
				MTL_ENABLE_DEBUG_INFO = NO;
				SDKROOT = macosx;
			};
			name = Release;
		};
		2156BFCB1EFF5976001B3025 /* Debug */ = {
			isa = XCBuildConfiguration;
			baseConfigurationReference = AF5E50CB06E583697C246F1A /* Pods-RENES.debug.xcconfig */;
			buildSettings = {
				ASSETCATALOG_COMPILER_APPICON_NAME = AppIcon;
				COMBINE_HIDPI_IMAGES = YES;
				DEVELOPMENT_TEAM = 4J56772K58;
				GCC_C_LANGUAGE_STANDARD = gnu99;
				HEADER_SEARCH_PATHS = (
					"$(inherited)",
					"\"${PODS_ROOT}/Headers/Public\"",
					"\"${PODS_ROOT}/Headers/Public/BlocksKit\"",
					"\"${PODS_ROOT}/Headers/Public/ReactiveObjC\"",
					"\"$(SRCROOT)\"",
				);
				INFOPLIST_FILE = RENES/Info.plist;
				LD_RUNPATH_SEARCH_PATHS = "$(inherited) @executable_path/../Frameworks";
				OTHER_CFLAGS = "-pedantic-errors";
				OTHER_CPLUSPLUSFLAGS = "$(OTHER_CFLAGS)";
				PRODUCT_BUNDLE_IDENTIFIER = com.rexq.RENES;
				PRODUCT_NAME = "$(TARGET_NAME)";
			};
			name = Debug;
		};
		2156BFCC1EFF5976001B3025 /* Release */ = {
			isa = XCBuildConfiguration;
			baseConfigurationReference = 4C25B443B70C274C6EE6C6B4 /* Pods-RENES.release.xcconfig */;
			buildSettings = {
				ASSETCATALOG_COMPILER_APPICON_NAME = AppIcon;
				COMBINE_HIDPI_IMAGES = YES;
				DEVELOPMENT_TEAM = 4J56772K58;
				GCC_C_LANGUAGE_STANDARD = gnu99;
				HEADER_SEARCH_PATHS = (
					"$(inherited)",
					"\"${PODS_ROOT}/Headers/Public\"",
					"\"${PODS_ROOT}/Headers/Public/BlocksKit\"",
					"\"${PODS_ROOT}/Headers/Public/ReactiveObjC\"",
					"\"$(SRCROOT)\"",
				);
				INFOPLIST_FILE = RENES/Info.plist;
				LD_RUNPATH_SEARCH_PATHS = "$(inherited) @executable_path/../Frameworks";
				OTHER_CFLAGS = "-pedantic-errors";
				OTHER_CPLUSPLUSFLAGS = "$(OTHER_CFLAGS)";
				PRODUCT_BUNDLE_IDENTIFIER = com.rexq.RENES;
				PRODUCT_NAME = "$(TARGET_NAME)";
			};
			name = Release;
		};
		21BA862D1F72BA6C00183B0F /* Debug */ = {
			isa = XCBuildConfiguration;
			baseConfigurationReference = A70CFB9A15D5EE272B4BDAB3 /* Pods-RENES_IOS.debug.xcconfig */;
			buildSettings = {
				ASSETCATALOG_COMPILER_APPICON_NAME = AppIcon;
				"CODE_SIGN_IDENTITY[sdk=iphoneos*]" = "iPhone Developer";
				DEVELOPMENT_TEAM = 4J56772K58;
				HEADER_SEARCH_PATHS = (
					"$(inherited)",
					"\"${PODS_ROOT}/Headers/Public\"",
					"\"${PODS_ROOT}/Headers/Public/BlocksKit\"",
					"\"${PODS_ROOT}/Headers/Public/GPUImage\"",
					"\"${PODS_ROOT}/Headers/Public/Masonry\"",
					"\"${PODS_ROOT}/Headers/Public/ReactiveObjC\"",
					"\"$(SRCROOT)\"",
				);
				INFOPLIST_FILE = RENES_IOS/Info.plist;
				IPHONEOS_DEPLOYMENT_TARGET = 8.0;
				LD_RUNPATH_SEARCH_PATHS = "$(inherited) @executable_path/Frameworks";
				PRODUCT_BUNDLE_IDENTIFIER = "com.rexq57.RENES-IOS";
				PRODUCT_NAME = "$(TARGET_NAME)";
				SDKROOT = iphoneos;
				TARGETED_DEVICE_FAMILY = "1,2";
			};
			name = Debug;
		};
		21BA862E1F72BA6C00183B0F /* Release */ = {
			isa = XCBuildConfiguration;
			baseConfigurationReference = 5EC420A7798F30D4363CBCE8 /* Pods-RENES_IOS.release.xcconfig */;
			buildSettings = {
				ASSETCATALOG_COMPILER_APPICON_NAME = AppIcon;
				"CODE_SIGN_IDENTITY[sdk=iphoneos*]" = "iPhone Developer";
				DEVELOPMENT_TEAM = 4J56772K58;
				HEADER_SEARCH_PATHS = (
					"$(inherited)",
					"\"${PODS_ROOT}/Headers/Public\"",
					"\"${PODS_ROOT}/Headers/Public/BlocksKit\"",
					"\"${PODS_ROOT}/Headers/Public/GPUImage\"",
					"\"${PODS_ROOT}/Headers/Public/Masonry\"",
					"\"${PODS_ROOT}/Headers/Public/ReactiveObjC\"",
					"\"$(SRCROOT)\"",
				);
				INFOPLIST_FILE = RENES_IOS/Info.plist;
				IPHONEOS_DEPLOYMENT_TARGET = 8.0;
				LD_RUNPATH_SEARCH_PATHS = "$(inherited) @executable_path/Frameworks";
				PRODUCT_BUNDLE_IDENTIFIER = "com.rexq57.RENES-IOS";
				PRODUCT_NAME = "$(TARGET_NAME)";
				SDKROOT = iphoneos;
				TARGETED_DEVICE_FAMILY = "1,2";
				VALIDATE_PRODUCT = YES;
			};
			name = Release;
		};
/* End XCBuildConfiguration section */

/* Begin XCConfigurationList section */
		2156BFB11EFF5976001B3025 /* Build configuration list for PBXProject "RENES" */ = {
			isa = XCConfigurationList;
			buildConfigurations = (
				2156BFC81EFF5976001B3025 /* Debug */,
				2156BFC91EFF5976001B3025 /* Release */,
			);
			defaultConfigurationIsVisible = 0;
			defaultConfigurationName = Release;
		};
		2156BFCA1EFF5976001B3025 /* Build configuration list for PBXNativeTarget "RENES" */ = {
			isa = XCConfigurationList;
			buildConfigurations = (
				2156BFCB1EFF5976001B3025 /* Debug */,
				2156BFCC1EFF5976001B3025 /* Release */,
			);
			defaultConfigurationIsVisible = 0;
			defaultConfigurationName = Release;
		};
		21BA862F1F72BA6C00183B0F /* Build configuration list for PBXNativeTarget "RENES_IOS" */ = {
			isa = XCConfigurationList;
			buildConfigurations = (
				21BA862D1F72BA6C00183B0F /* Debug */,
				21BA862E1F72BA6C00183B0F /* Release */,
			);
			defaultConfigurationIsVisible = 0;
			defaultConfigurationName = Release;
		};
/* End XCConfigurationList section */
	};
	rootObject = 2156BFAE1EFF5976001B3025 /* Project object */;
}
